// !$*UTF8*$!
{
	archiveVersion = 1;
	classes = {
	};
	objectVersion = 46;
	objects = {

/* Begin PBXBuildFile section */
		33242BA41EF3D38800973D78 /* HistoryVC.swift in Sources */ = {isa = PBXBuildFile; fileRef = 33242BA31EF3D38800973D78 /* HistoryVC.swift */; };
		33242C301EF3F63C00973D78 /* JTCalendarManager.m in Sources */ = {isa = PBXBuildFile; fileRef = 33242C101EF3F63C00973D78 /* JTCalendarManager.m */; };
		33242C311EF3F63C00973D78 /* JTCalendarSettings.m in Sources */ = {isa = PBXBuildFile; fileRef = 33242C121EF3F63C00973D78 /* JTCalendarSettings.m */; };
		33242C321EF3F63C00973D78 /* JTDateHelper.m in Sources */ = {isa = PBXBuildFile; fileRef = 33242C141EF3F63C00973D78 /* JTDateHelper.m */; };
		33242C331EF3F63C00973D78 /* JTCalendarDelegateManager.m in Sources */ = {isa = PBXBuildFile; fileRef = 33242C171EF3F63C00973D78 /* JTCalendarDelegateManager.m */; };
		33242C341EF3F63C00973D78 /* JTCalendarScrollManager.m in Sources */ = {isa = PBXBuildFile; fileRef = 33242C191EF3F63C00973D78 /* JTCalendarScrollManager.m */; };
		33242C351EF3F63C00973D78 /* JTCalendarDayView.m in Sources */ = {isa = PBXBuildFile; fileRef = 33242C231EF3F63C00973D78 /* JTCalendarDayView.m */; };
		33242C361EF3F63C00973D78 /* JTCalendarMenuView.m in Sources */ = {isa = PBXBuildFile; fileRef = 33242C251EF3F63C00973D78 /* JTCalendarMenuView.m */; };
		33242C371EF3F63C00973D78 /* JTCalendarPageView.m in Sources */ = {isa = PBXBuildFile; fileRef = 33242C271EF3F63C00973D78 /* JTCalendarPageView.m */; };
		33242C381EF3F63C00973D78 /* JTCalendarWeekDayView.m in Sources */ = {isa = PBXBuildFile; fileRef = 33242C291EF3F63C00973D78 /* JTCalendarWeekDayView.m */; };
		33242C391EF3F63C00973D78 /* JTCalendarWeekView.m in Sources */ = {isa = PBXBuildFile; fileRef = 33242C2B1EF3F63C00973D78 /* JTCalendarWeekView.m */; };
		33242C3A1EF3F63C00973D78 /* JTHorizontalCalendarView.m in Sources */ = {isa = PBXBuildFile; fileRef = 33242C2D1EF3F63C00973D78 /* JTHorizontalCalendarView.m */; };
		33242C3B1EF3F63C00973D78 /* JTVerticalCalendarView.m in Sources */ = {isa = PBXBuildFile; fileRef = 33242C2F1EF3F63C00973D78 /* JTVerticalCalendarView.m */; };
		33242C3D1EF4023600973D78 /* HistoryCell.swift in Sources */ = {isa = PBXBuildFile; fileRef = 33242C3C1EF4023600973D78 /* HistoryCell.swift */; };
		33242C401EF4169900973D78 /* NSDate.swift in Sources */ = {isa = PBXBuildFile; fileRef = 33242C3F1EF4169900973D78 /* NSDate.swift */; };
		33242C461EF4290000973D78 /* ExtraIncomeVC.swift in Sources */ = {isa = PBXBuildFile; fileRef = 33242C451EF4290000973D78 /* ExtraIncomeVC.swift */; };
		33FDDF7B1EF334FE008FBD23 /* AppDelegate.swift in Sources */ = {isa = PBXBuildFile; fileRef = 33FDDF7A1EF334FE008FBD23 /* AppDelegate.swift */; };
		33FDDF851EF334FE008FBD23 /* Assets.xcassets in Resources */ = {isa = PBXBuildFile; fileRef = 33FDDF841EF334FE008FBD23 /* Assets.xcassets */; };
		33FDDF931EF334FE008FBD23 /* ThriftyTests.swift in Sources */ = {isa = PBXBuildFile; fileRef = 33FDDF921EF334FE008FBD23 /* ThriftyTests.swift */; };
		33FDDF9E1EF334FE008FBD23 /* ThriftyUITests.swift in Sources */ = {isa = PBXBuildFile; fileRef = 33FDDF9D1EF334FE008FBD23 /* ThriftyUITests.swift */; };
		33FDDFCD1EF335F6008FBD23 /* LaunchScreen.storyboard in Resources */ = {isa = PBXBuildFile; fileRef = 33FDDFAD1EF335F6008FBD23 /* LaunchScreen.storyboard */; };
		33FDDFCE1EF335F6008FBD23 /* Main.storyboard in Resources */ = {isa = PBXBuildFile; fileRef = 33FDDFAF1EF335F6008FBD23 /* Main.storyboard */; };
		33FDDFCF1EF335F6008FBD23 /* AddExpenseViewController.swift in Sources */ = {isa = PBXBuildFile; fileRef = 33FDDFB11EF335F6008FBD23 /* AddExpenseViewController.swift */; };
		33FDDFD01EF335F6008FBD23 /* AddIncomeViewController.swift in Sources */ = {isa = PBXBuildFile; fileRef = 33FDDFB21EF335F6008FBD23 /* AddIncomeViewController.swift */; };
		33FDDFD11EF335F6008FBD23 /* AnalysisVC.swift in Sources */ = {isa = PBXBuildFile; fileRef = 33FDDFB31EF335F6008FBD23 /* AnalysisVC.swift */; };
		33FDDFD21EF335F6008FBD23 /* BudgetViewController.swift in Sources */ = {isa = PBXBuildFile; fileRef = 33FDDFB41EF335F6008FBD23 /* BudgetViewController.swift */; };
		33FDDFD31EF335F6008FBD23 /* ExpenseCell.swift in Sources */ = {isa = PBXBuildFile; fileRef = 33FDDFB51EF335F6008FBD23 /* ExpenseCell.swift */; };
		33FDDFD41EF335F6008FBD23 /* ExpenseMO+CoreDataClass.swift in Sources */ = {isa = PBXBuildFile; fileRef = 33FDDFB61EF335F6008FBD23 /* ExpenseMO+CoreDataClass.swift */; };
		33FDDFD51EF335F6008FBD23 /* ExpenseMO+CoreDataProperties.swift in Sources */ = {isa = PBXBuildFile; fileRef = 33FDDFB71EF335F6008FBD23 /* ExpenseMO+CoreDataProperties.swift */; };
		33FDDFD61EF335F6008FBD23 /* ExpenseTableController.swift in Sources */ = {isa = PBXBuildFile; fileRef = 33FDDFB81EF335F6008FBD23 /* ExpenseTableController.swift */; };
		33FDDFD71EF335F6008FBD23 /* ExpenseVC.swift in Sources */ = {isa = PBXBuildFile; fileRef = 33FDDFB91EF335F6008FBD23 /* ExpenseVC.swift */; };
		33FDDFD81EF335F6008FBD23 /* FirstTimeSetupViewController.swift in Sources */ = {isa = PBXBuildFile; fileRef = 33FDDFBA1EF335F6008FBD23 /* FirstTimeSetupViewController.swift */; };
		33FDDFD91EF335F6008FBD23 /* GoalMO+CoreDataClass.swift in Sources */ = {isa = PBXBuildFile; fileRef = 33FDDFBB1EF335F6008FBD23 /* GoalMO+CoreDataClass.swift */; };
		33FDDFDA1EF335F6008FBD23 /* GoalMO+CoreDataProperties.swift in Sources */ = {isa = PBXBuildFile; fileRef = 33FDDFBC1EF335F6008FBD23 /* GoalMO+CoreDataProperties.swift */; };
		33FDDFDC1EF335F6008FBD23 /* IncomeCell.swift in Sources */ = {isa = PBXBuildFile; fileRef = 33FDDFBF1EF335F6008FBD23 /* IncomeCell.swift */; };
		33FDDFDD1EF335F6008FBD23 /* IncomeMO+CoreDataClass.swift in Sources */ = {isa = PBXBuildFile; fileRef = 33FDDFC01EF335F6008FBD23 /* IncomeMO+CoreDataClass.swift */; };
		33FDDFDE1EF335F6008FBD23 /* IncomeMO+CoreDataProperties.swift in Sources */ = {isa = PBXBuildFile; fileRef = 33FDDFC11EF335F6008FBD23 /* IncomeMO+CoreDataProperties.swift */; };
		33FDDFDF1EF335F6008FBD23 /* IncomeTableController.swift in Sources */ = {isa = PBXBuildFile; fileRef = 33FDDFC21EF335F6008FBD23 /* IncomeTableController.swift */; };
		33FDDFE01EF335F6008FBD23 /* MainViewController.swift in Sources */ = {isa = PBXBuildFile; fileRef = 33FDDFC31EF335F6008FBD23 /* MainViewController.swift */; };
		33FDDFE11EF335F6008FBD23 /* SetBBViewController.swift in Sources */ = {isa = PBXBuildFile; fileRef = 33FDDFC41EF335F6008FBD23 /* SetBBViewController.swift */; };
		33FDDFE21EF335F6008FBD23 /* SetSavingsViewController.swift in Sources */ = {isa = PBXBuildFile; fileRef = 33FDDFC51EF335F6008FBD23 /* SetSavingsViewController.swift */; };
		33FDDFE31EF335F6008FBD23 /* StartingInfo.swift in Sources */ = {isa = PBXBuildFile; fileRef = 33FDDFC61EF335F6008FBD23 /* StartingInfo.swift */; };
		33FDDFE51EF335F6008FBD23 /* UserMO+CoreDataClass.swift in Sources */ = {isa = PBXBuildFile; fileRef = 33FDDFCA1EF335F6008FBD23 /* UserMO+CoreDataClass.swift */; };
		33FDDFE61EF335F6008FBD23 /* UserMO+CoreDataProperties.swift in Sources */ = {isa = PBXBuildFile; fileRef = 33FDDFCB1EF335F6008FBD23 /* UserMO+CoreDataProperties.swift */; };
		33FDDFED1EF33737008FBD23 /* Thrifty.xcdatamodeld in Sources */ = {isa = PBXBuildFile; fileRef = 33FDDFEB1EF33737008FBD23 /* Thrifty.xcdatamodeld */; };
		91E17944B84B382864D5B6A5 /* Pods_ThriftyTests.framework in Frameworks */ = {isa = PBXBuildFile; fileRef = 97A6C78CF626CE524DACF800 /* Pods_ThriftyTests.framework */; };
		CE761DE4EB9816E121B66DCD /* Pods_ThriftyUITests.framework in Frameworks */ = {isa = PBXBuildFile; fileRef = F22750B0607AC4F7BED2EA15 /* Pods_ThriftyUITests.framework */; };
		EB334EF327D8F2C7DF5E881B /* Pods_Thrifty.framework in Frameworks */ = {isa = PBXBuildFile; fileRef = 86021E49A932ED6D8BEB8B5D /* Pods_Thrifty.framework */; };
/* End PBXBuildFile section */

/* Begin PBXContainerItemProxy section */
		33FDDF8F1EF334FE008FBD23 /* PBXContainerItemProxy */ = {
			isa = PBXContainerItemProxy;
			containerPortal = 33FDDF6F1EF334FE008FBD23 /* Project object */;
			proxyType = 1;
			remoteGlobalIDString = 33FDDF761EF334FE008FBD23;
			remoteInfo = Thrifty;
		};
		33FDDF9A1EF334FE008FBD23 /* PBXContainerItemProxy */ = {
			isa = PBXContainerItemProxy;
			containerPortal = 33FDDF6F1EF334FE008FBD23 /* Project object */;
			proxyType = 1;
			remoteGlobalIDString = 33FDDF761EF334FE008FBD23;
			remoteInfo = Thrifty;
		};
/* End PBXContainerItemProxy section */

/* Begin PBXFileReference section */
		3041AD0ACD372E9EB6372270 /* Pods-ThriftyUITests.release.xcconfig */ = {isa = PBXFileReference; includeInIndex = 1; lastKnownFileType = text.xcconfig; name = "Pods-ThriftyUITests.release.xcconfig"; path = "Pods/Target Support Files/Pods-ThriftyUITests/Pods-ThriftyUITests.release.xcconfig"; sourceTree = "<group>"; };
		33242BA31EF3D38800973D78 /* HistoryVC.swift */ = {isa = PBXFileReference; fileEncoding = 4; lastKnownFileType = sourcecode.swift; path = HistoryVC.swift; sourceTree = "<group>"; };
		33242C0D1EF3F63C00973D78 /* JTCalendar.h */ = {isa = PBXFileReference; fileEncoding = 4; lastKnownFileType = sourcecode.c.h; path = JTCalendar.h; sourceTree = "<group>"; };
		33242C0E1EF3F63C00973D78 /* JTCalendarDelegate.h */ = {isa = PBXFileReference; fileEncoding = 4; lastKnownFileType = sourcecode.c.h; path = JTCalendarDelegate.h; sourceTree = "<group>"; };
		33242C0F1EF3F63C00973D78 /* JTCalendarManager.h */ = {isa = PBXFileReference; fileEncoding = 4; lastKnownFileType = sourcecode.c.h; path = JTCalendarManager.h; sourceTree = "<group>"; };
		33242C101EF3F63C00973D78 /* JTCalendarManager.m */ = {isa = PBXFileReference; fileEncoding = 4; lastKnownFileType = sourcecode.c.objc; path = JTCalendarManager.m; sourceTree = "<group>"; };
		33242C111EF3F63C00973D78 /* JTCalendarSettings.h */ = {isa = PBXFileReference; fileEncoding = 4; lastKnownFileType = sourcecode.c.h; path = JTCalendarSettings.h; sourceTree = "<group>"; };
		33242C121EF3F63C00973D78 /* JTCalendarSettings.m */ = {isa = PBXFileReference; fileEncoding = 4; lastKnownFileType = sourcecode.c.objc; path = JTCalendarSettings.m; sourceTree = "<group>"; };
		33242C131EF3F63C00973D78 /* JTDateHelper.h */ = {isa = PBXFileReference; fileEncoding = 4; lastKnownFileType = sourcecode.c.h; path = JTDateHelper.h; sourceTree = "<group>"; };
		33242C141EF3F63C00973D78 /* JTDateHelper.m */ = {isa = PBXFileReference; fileEncoding = 4; lastKnownFileType = sourcecode.c.objc; path = JTDateHelper.m; sourceTree = "<group>"; };
		33242C161EF3F63C00973D78 /* JTCalendarDelegateManager.h */ = {isa = PBXFileReference; fileEncoding = 4; lastKnownFileType = sourcecode.c.h; path = JTCalendarDelegateManager.h; sourceTree = "<group>"; };
		33242C171EF3F63C00973D78 /* JTCalendarDelegateManager.m */ = {isa = PBXFileReference; fileEncoding = 4; lastKnownFileType = sourcecode.c.objc; path = JTCalendarDelegateManager.m; sourceTree = "<group>"; };
		33242C181EF3F63C00973D78 /* JTCalendarScrollManager.h */ = {isa = PBXFileReference; fileEncoding = 4; lastKnownFileType = sourcecode.c.h; path = JTCalendarScrollManager.h; sourceTree = "<group>"; };
		33242C191EF3F63C00973D78 /* JTCalendarScrollManager.m */ = {isa = PBXFileReference; fileEncoding = 4; lastKnownFileType = sourcecode.c.objc; path = JTCalendarScrollManager.m; sourceTree = "<group>"; };
		33242C1B1EF3F63C00973D78 /* JTCalendarDay.h */ = {isa = PBXFileReference; fileEncoding = 4; lastKnownFileType = sourcecode.c.h; path = JTCalendarDay.h; sourceTree = "<group>"; };
		33242C1C1EF3F63C00973D78 /* JTCalendarPage.h */ = {isa = PBXFileReference; fileEncoding = 4; lastKnownFileType = sourcecode.c.h; path = JTCalendarPage.h; sourceTree = "<group>"; };
		33242C1D1EF3F63C00973D78 /* JTCalendarWeek.h */ = {isa = PBXFileReference; fileEncoding = 4; lastKnownFileType = sourcecode.c.h; path = JTCalendarWeek.h; sourceTree = "<group>"; };
		33242C1E1EF3F63C00973D78 /* JTCalendarWeekDay.h */ = {isa = PBXFileReference; fileEncoding = 4; lastKnownFileType = sourcecode.c.h; path = JTCalendarWeekDay.h; sourceTree = "<group>"; };
		33242C1F1EF3F63C00973D78 /* JTContent.h */ = {isa = PBXFileReference; fileEncoding = 4; lastKnownFileType = sourcecode.c.h; path = JTContent.h; sourceTree = "<group>"; };
		33242C201EF3F63C00973D78 /* JTMenu.h */ = {isa = PBXFileReference; fileEncoding = 4; lastKnownFileType = sourcecode.c.h; path = JTMenu.h; sourceTree = "<group>"; };
		33242C221EF3F63C00973D78 /* JTCalendarDayView.h */ = {isa = PBXFileReference; fileEncoding = 4; lastKnownFileType = sourcecode.c.h; path = JTCalendarDayView.h; sourceTree = "<group>"; };
		33242C231EF3F63C00973D78 /* JTCalendarDayView.m */ = {isa = PBXFileReference; fileEncoding = 4; lastKnownFileType = sourcecode.c.objc; path = JTCalendarDayView.m; sourceTree = "<group>"; };
		33242C241EF3F63C00973D78 /* JTCalendarMenuView.h */ = {isa = PBXFileReference; fileEncoding = 4; lastKnownFileType = sourcecode.c.h; path = JTCalendarMenuView.h; sourceTree = "<group>"; };
		33242C251EF3F63C00973D78 /* JTCalendarMenuView.m */ = {isa = PBXFileReference; fileEncoding = 4; lastKnownFileType = sourcecode.c.objc; path = JTCalendarMenuView.m; sourceTree = "<group>"; };
		33242C261EF3F63C00973D78 /* JTCalendarPageView.h */ = {isa = PBXFileReference; fileEncoding = 4; lastKnownFileType = sourcecode.c.h; path = JTCalendarPageView.h; sourceTree = "<group>"; };
		33242C271EF3F63C00973D78 /* JTCalendarPageView.m */ = {isa = PBXFileReference; fileEncoding = 4; lastKnownFileType = sourcecode.c.objc; path = JTCalendarPageView.m; sourceTree = "<group>"; };
		33242C281EF3F63C00973D78 /* JTCalendarWeekDayView.h */ = {isa = PBXFileReference; fileEncoding = 4; lastKnownFileType = sourcecode.c.h; path = JTCalendarWeekDayView.h; sourceTree = "<group>"; };
		33242C291EF3F63C00973D78 /* JTCalendarWeekDayView.m */ = {isa = PBXFileReference; fileEncoding = 4; lastKnownFileType = sourcecode.c.objc; path = JTCalendarWeekDayView.m; sourceTree = "<group>"; };
		33242C2A1EF3F63C00973D78 /* JTCalendarWeekView.h */ = {isa = PBXFileReference; fileEncoding = 4; lastKnownFileType = sourcecode.c.h; path = JTCalendarWeekView.h; sourceTree = "<group>"; };
		33242C2B1EF3F63C00973D78 /* JTCalendarWeekView.m */ = {isa = PBXFileReference; fileEncoding = 4; lastKnownFileType = sourcecode.c.objc; path = JTCalendarWeekView.m; sourceTree = "<group>"; };
		33242C2C1EF3F63C00973D78 /* JTHorizontalCalendarView.h */ = {isa = PBXFileReference; fileEncoding = 4; lastKnownFileType = sourcecode.c.h; path = JTHorizontalCalendarView.h; sourceTree = "<group>"; };
		33242C2D1EF3F63C00973D78 /* JTHorizontalCalendarView.m */ = {isa = PBXFileReference; fileEncoding = 4; lastKnownFileType = sourcecode.c.objc; path = JTHorizontalCalendarView.m; sourceTree = "<group>"; };
		33242C2E1EF3F63C00973D78 /* JTVerticalCalendarView.h */ = {isa = PBXFileReference; fileEncoding = 4; lastKnownFileType = sourcecode.c.h; path = JTVerticalCalendarView.h; sourceTree = "<group>"; };
		33242C2F1EF3F63C00973D78 /* JTVerticalCalendarView.m */ = {isa = PBXFileReference; fileEncoding = 4; lastKnownFileType = sourcecode.c.objc; path = JTVerticalCalendarView.m; sourceTree = "<group>"; };
		33242C3C1EF4023600973D78 /* HistoryCell.swift */ = {isa = PBXFileReference; fileEncoding = 4; lastKnownFileType = sourcecode.swift; path = HistoryCell.swift; sourceTree = "<group>"; };
		33242C3F1EF4169900973D78 /* NSDate.swift */ = {isa = PBXFileReference; fileEncoding = 4; lastKnownFileType = sourcecode.swift; path = NSDate.swift; sourceTree = "<group>"; };
		33242C451EF4290000973D78 /* ExtraIncomeVC.swift */ = {isa = PBXFileReference; fileEncoding = 4; lastKnownFileType = sourcecode.swift; path = ExtraIncomeVC.swift; sourceTree = "<group>"; };
		33FDDF771EF334FE008FBD23 /* Thrifty.app */ = {isa = PBXFileReference; explicitFileType = wrapper.application; includeInIndex = 0; path = Thrifty.app; sourceTree = BUILT_PRODUCTS_DIR; };
		33FDDF7A1EF334FE008FBD23 /* AppDelegate.swift */ = {isa = PBXFileReference; lastKnownFileType = sourcecode.swift; path = AppDelegate.swift; sourceTree = "<group>"; };
		33FDDF841EF334FE008FBD23 /* Assets.xcassets */ = {isa = PBXFileReference; lastKnownFileType = folder.assetcatalog; path = Assets.xcassets; sourceTree = "<group>"; };
		33FDDF891EF334FE008FBD23 /* Info.plist */ = {isa = PBXFileReference; lastKnownFileType = text.plist.xml; path = Info.plist; sourceTree = "<group>"; };
		33FDDF8E1EF334FE008FBD23 /* ThriftyTests.xctest */ = {isa = PBXFileReference; explicitFileType = wrapper.cfbundle; includeInIndex = 0; path = ThriftyTests.xctest; sourceTree = BUILT_PRODUCTS_DIR; };
		33FDDF921EF334FE008FBD23 /* ThriftyTests.swift */ = {isa = PBXFileReference; lastKnownFileType = sourcecode.swift; path = ThriftyTests.swift; sourceTree = "<group>"; };
		33FDDF941EF334FE008FBD23 /* Info.plist */ = {isa = PBXFileReference; lastKnownFileType = text.plist.xml; path = Info.plist; sourceTree = "<group>"; };
		33FDDF991EF334FE008FBD23 /* ThriftyUITests.xctest */ = {isa = PBXFileReference; explicitFileType = wrapper.cfbundle; includeInIndex = 0; path = ThriftyUITests.xctest; sourceTree = BUILT_PRODUCTS_DIR; };
		33FDDF9D1EF334FE008FBD23 /* ThriftyUITests.swift */ = {isa = PBXFileReference; lastKnownFileType = sourcecode.swift; path = ThriftyUITests.swift; sourceTree = "<group>"; };
		33FDDF9F1EF334FE008FBD23 /* Info.plist */ = {isa = PBXFileReference; lastKnownFileType = text.plist.xml; path = Info.plist; sourceTree = "<group>"; };
		33FDDFAB1EF335F5008FBD23 /* Thrifty-Bridging-Header.h */ = {isa = PBXFileReference; lastKnownFileType = sourcecode.c.h; path = "Thrifty-Bridging-Header.h"; sourceTree = "<group>"; };
		33FDDFAE1EF335F6008FBD23 /* Base */ = {isa = PBXFileReference; lastKnownFileType = file.storyboard; name = Base; path = LaunchScreen.storyboard; sourceTree = "<group>"; };
		33FDDFB01EF335F6008FBD23 /* Base */ = {isa = PBXFileReference; lastKnownFileType = file.storyboard; name = Base; path = Main.storyboard; sourceTree = "<group>"; };
		33FDDFB11EF335F6008FBD23 /* AddExpenseViewController.swift */ = {isa = PBXFileReference; fileEncoding = 4; lastKnownFileType = sourcecode.swift; path = AddExpenseViewController.swift; sourceTree = "<group>"; };
		33FDDFB21EF335F6008FBD23 /* AddIncomeViewController.swift */ = {isa = PBXFileReference; fileEncoding = 4; lastKnownFileType = sourcecode.swift; path = AddIncomeViewController.swift; sourceTree = "<group>"; };
		33FDDFB31EF335F6008FBD23 /* AnalysisVC.swift */ = {isa = PBXFileReference; fileEncoding = 4; lastKnownFileType = sourcecode.swift; path = AnalysisVC.swift; sourceTree = "<group>"; };
		33FDDFB41EF335F6008FBD23 /* BudgetViewController.swift */ = {isa = PBXFileReference; fileEncoding = 4; lastKnownFileType = sourcecode.swift; path = BudgetViewController.swift; sourceTree = "<group>"; };
		33FDDFB51EF335F6008FBD23 /* ExpenseCell.swift */ = {isa = PBXFileReference; fileEncoding = 4; lastKnownFileType = sourcecode.swift; path = ExpenseCell.swift; sourceTree = "<group>"; };
		33FDDFB61EF335F6008FBD23 /* ExpenseMO+CoreDataClass.swift */ = {isa = PBXFileReference; fileEncoding = 4; lastKnownFileType = sourcecode.swift; path = "ExpenseMO+CoreDataClass.swift"; sourceTree = "<group>"; };
		33FDDFB71EF335F6008FBD23 /* ExpenseMO+CoreDataProperties.swift */ = {isa = PBXFileReference; fileEncoding = 4; lastKnownFileType = sourcecode.swift; path = "ExpenseMO+CoreDataProperties.swift"; sourceTree = "<group>"; };
		33FDDFB81EF335F6008FBD23 /* ExpenseTableController.swift */ = {isa = PBXFileReference; fileEncoding = 4; lastKnownFileType = sourcecode.swift; path = ExpenseTableController.swift; sourceTree = "<group>"; };
		33FDDFB91EF335F6008FBD23 /* ExpenseVC.swift */ = {isa = PBXFileReference; fileEncoding = 4; lastKnownFileType = sourcecode.swift; path = ExpenseVC.swift; sourceTree = "<group>"; };
		33FDDFBA1EF335F6008FBD23 /* FirstTimeSetupViewController.swift */ = {isa = PBXFileReference; fileEncoding = 4; lastKnownFileType = sourcecode.swift; path = FirstTimeSetupViewController.swift; sourceTree = "<group>"; };
		33FDDFBB1EF335F6008FBD23 /* GoalMO+CoreDataClass.swift */ = {isa = PBXFileReference; fileEncoding = 4; lastKnownFileType = sourcecode.swift; path = "GoalMO+CoreDataClass.swift"; sourceTree = "<group>"; };
		33FDDFBC1EF335F6008FBD23 /* GoalMO+CoreDataProperties.swift */ = {isa = PBXFileReference; fileEncoding = 4; lastKnownFileType = sourcecode.swift; path = "GoalMO+CoreDataProperties.swift"; sourceTree = "<group>"; };
		33FDDFBF1EF335F6008FBD23 /* IncomeCell.swift */ = {isa = PBXFileReference; fileEncoding = 4; lastKnownFileType = sourcecode.swift; path = IncomeCell.swift; sourceTree = "<group>"; };
		33FDDFC01EF335F6008FBD23 /* IncomeMO+CoreDataClass.swift */ = {isa = PBXFileReference; fileEncoding = 4; lastKnownFileType = sourcecode.swift; path = "IncomeMO+CoreDataClass.swift"; sourceTree = "<group>"; };
		33FDDFC11EF335F6008FBD23 /* IncomeMO+CoreDataProperties.swift */ = {isa = PBXFileReference; fileEncoding = 4; lastKnownFileType = sourcecode.swift; path = "IncomeMO+CoreDataProperties.swift"; sourceTree = "<group>"; };
		33FDDFC21EF335F6008FBD23 /* IncomeTableController.swift */ = {isa = PBXFileReference; fileEncoding = 4; lastKnownFileType = sourcecode.swift; path = IncomeTableController.swift; sourceTree = "<group>"; };
		33FDDFC31EF335F6008FBD23 /* MainViewController.swift */ = {isa = PBXFileReference; fileEncoding = 4; lastKnownFileType = sourcecode.swift; path = MainViewController.swift; sourceTree = "<group>"; };
		33FDDFC41EF335F6008FBD23 /* SetBBViewController.swift */ = {isa = PBXFileReference; fileEncoding = 4; lastKnownFileType = sourcecode.swift; path = SetBBViewController.swift; sourceTree = "<group>"; };
		33FDDFC51EF335F6008FBD23 /* SetSavingsViewController.swift */ = {isa = PBXFileReference; fileEncoding = 4; lastKnownFileType = sourcecode.swift; path = SetSavingsViewController.swift; sourceTree = "<group>"; };
		33FDDFC61EF335F6008FBD23 /* StartingInfo.swift */ = {isa = PBXFileReference; fileEncoding = 4; lastKnownFileType = sourcecode.swift; path = StartingInfo.swift; sourceTree = "<group>"; };
		33FDDFCA1EF335F6008FBD23 /* UserMO+CoreDataClass.swift */ = {isa = PBXFileReference; fileEncoding = 4; lastKnownFileType = sourcecode.swift; path = "UserMO+CoreDataClass.swift"; sourceTree = "<group>"; };
		33FDDFCB1EF335F6008FBD23 /* UserMO+CoreDataProperties.swift */ = {isa = PBXFileReference; fileEncoding = 4; lastKnownFileType = sourcecode.swift; path = "UserMO+CoreDataProperties.swift"; sourceTree = "<group>"; };
		33FDDFEC1EF33737008FBD23 /* Thrifty.xcdatamodel */ = {isa = PBXFileReference; lastKnownFileType = wrapper.xcdatamodel; path = Thrifty.xcdatamodel; sourceTree = "<group>"; };
		5AF1C657EE7976037D21114C /* Pods-Thrifty.release.xcconfig */ = {isa = PBXFileReference; includeInIndex = 1; lastKnownFileType = text.xcconfig; name = "Pods-Thrifty.release.xcconfig"; path = "Pods/Target Support Files/Pods-Thrifty/Pods-Thrifty.release.xcconfig"; sourceTree = "<group>"; };
		5F084DC0DF5F373D5D53B6B0 /* Pods-ThriftyUITests.debug.xcconfig */ = {isa = PBXFileReference; includeInIndex = 1; lastKnownFileType = text.xcconfig; name = "Pods-ThriftyUITests.debug.xcconfig"; path = "Pods/Target Support Files/Pods-ThriftyUITests/Pods-ThriftyUITests.debug.xcconfig"; sourceTree = "<group>"; };
		6D9A85EA5B824DF434005660 /* Pods-ThriftyTests.debug.xcconfig */ = {isa = PBXFileReference; includeInIndex = 1; lastKnownFileType = text.xcconfig; name = "Pods-ThriftyTests.debug.xcconfig"; path = "Pods/Target Support Files/Pods-ThriftyTests/Pods-ThriftyTests.debug.xcconfig"; sourceTree = "<group>"; };
		86021E49A932ED6D8BEB8B5D /* Pods_Thrifty.framework */ = {isa = PBXFileReference; explicitFileType = wrapper.framework; includeInIndex = 0; path = Pods_Thrifty.framework; sourceTree = BUILT_PRODUCTS_DIR; };
		8E0ED9C5A033CF5F2BA4AD90 /* Pods-Thrifty.debug.xcconfig */ = {isa = PBXFileReference; includeInIndex = 1; lastKnownFileType = text.xcconfig; name = "Pods-Thrifty.debug.xcconfig"; path = "Pods/Target Support Files/Pods-Thrifty/Pods-Thrifty.debug.xcconfig"; sourceTree = "<group>"; };
		97A6C78CF626CE524DACF800 /* Pods_ThriftyTests.framework */ = {isa = PBXFileReference; explicitFileType = wrapper.framework; includeInIndex = 0; path = Pods_ThriftyTests.framework; sourceTree = BUILT_PRODUCTS_DIR; };
		B8603FB3A946B94A582A22D6 /* Pods-ThriftyTests.release.xcconfig */ = {isa = PBXFileReference; includeInIndex = 1; lastKnownFileType = text.xcconfig; name = "Pods-ThriftyTests.release.xcconfig"; path = "Pods/Target Support Files/Pods-ThriftyTests/Pods-ThriftyTests.release.xcconfig"; sourceTree = "<group>"; };
		F22750B0607AC4F7BED2EA15 /* Pods_ThriftyUITests.framework */ = {isa = PBXFileReference; explicitFileType = wrapper.framework; includeInIndex = 0; path = Pods_ThriftyUITests.framework; sourceTree = BUILT_PRODUCTS_DIR; };
/* End PBXFileReference section */

/* Begin PBXFrameworksBuildPhase section */
		33FDDF741EF334FE008FBD23 /* Frameworks */ = {
			isa = PBXFrameworksBuildPhase;
			buildActionMask = 2147483647;
			files = (
				EB334EF327D8F2C7DF5E881B /* Pods_Thrifty.framework in Frameworks */,
			);
			runOnlyForDeploymentPostprocessing = 0;
		};
		33FDDF8B1EF334FE008FBD23 /* Frameworks */ = {
			isa = PBXFrameworksBuildPhase;
			buildActionMask = 2147483647;
			files = (
				91E17944B84B382864D5B6A5 /* Pods_ThriftyTests.framework in Frameworks */,
			);
			runOnlyForDeploymentPostprocessing = 0;
		};
		33FDDF961EF334FE008FBD23 /* Frameworks */ = {
			isa = PBXFrameworksBuildPhase;
			buildActionMask = 2147483647;
			files = (
				CE761DE4EB9816E121B66DCD /* Pods_ThriftyUITests.framework in Frameworks */,
			);
			runOnlyForDeploymentPostprocessing = 0;
		};
/* End PBXFrameworksBuildPhase section */

/* Begin PBXGroup section */
		0367F5C2D170C77EC305ADA9 /* Pods */ = {
			isa = PBXGroup;
			children = (
				8E0ED9C5A033CF5F2BA4AD90 /* Pods-Thrifty.debug.xcconfig */,
				5AF1C657EE7976037D21114C /* Pods-Thrifty.release.xcconfig */,
				6D9A85EA5B824DF434005660 /* Pods-ThriftyTests.debug.xcconfig */,
				B8603FB3A946B94A582A22D6 /* Pods-ThriftyTests.release.xcconfig */,
				5F084DC0DF5F373D5D53B6B0 /* Pods-ThriftyUITests.debug.xcconfig */,
				3041AD0ACD372E9EB6372270 /* Pods-ThriftyUITests.release.xcconfig */,
			);
			name = Pods;
			sourceTree = "<group>";
		};
		27C14EEA165B3467C793CE8B /* Frameworks */ = {
			isa = PBXGroup;
			children = (
				86021E49A932ED6D8BEB8B5D /* Pods_Thrifty.framework */,
				97A6C78CF626CE524DACF800 /* Pods_ThriftyTests.framework */,
				F22750B0607AC4F7BED2EA15 /* Pods_ThriftyUITests.framework */,
			);
			name = Frameworks;
			sourceTree = "<group>";
		};
		33242C0C1EF3F63C00973D78 /* JTCalendar */ = {
			isa = PBXGroup;
			children = (
				33242C0D1EF3F63C00973D78 /* JTCalendar.h */,
				33242C0E1EF3F63C00973D78 /* JTCalendarDelegate.h */,
				33242C0F1EF3F63C00973D78 /* JTCalendarManager.h */,
				33242C101EF3F63C00973D78 /* JTCalendarManager.m */,
				33242C111EF3F63C00973D78 /* JTCalendarSettings.h */,
				33242C121EF3F63C00973D78 /* JTCalendarSettings.m */,
				33242C131EF3F63C00973D78 /* JTDateHelper.h */,
				33242C141EF3F63C00973D78 /* JTDateHelper.m */,
				33242C151EF3F63C00973D78 /* Managers */,
				33242C1A1EF3F63C00973D78 /* Protocols */,
				33242C211EF3F63C00973D78 /* Views */,
			);
			path = JTCalendar;
			sourceTree = "<group>";
		};
		33242C151EF3F63C00973D78 /* Managers */ = {
			isa = PBXGroup;
			children = (
				33242C161EF3F63C00973D78 /* JTCalendarDelegateManager.h */,
				33242C171EF3F63C00973D78 /* JTCalendarDelegateManager.m */,
				33242C181EF3F63C00973D78 /* JTCalendarScrollManager.h */,
				33242C191EF3F63C00973D78 /* JTCalendarScrollManager.m */,
			);
			path = Managers;
			sourceTree = "<group>";
		};
		33242C1A1EF3F63C00973D78 /* Protocols */ = {
			isa = PBXGroup;
			children = (
				33242C1B1EF3F63C00973D78 /* JTCalendarDay.h */,
				33242C1C1EF3F63C00973D78 /* JTCalendarPage.h */,
				33242C1D1EF3F63C00973D78 /* JTCalendarWeek.h */,
				33242C1E1EF3F63C00973D78 /* JTCalendarWeekDay.h */,
				33242C1F1EF3F63C00973D78 /* JTContent.h */,
				33242C201EF3F63C00973D78 /* JTMenu.h */,
			);
			path = Protocols;
			sourceTree = "<group>";
		};
		33242C211EF3F63C00973D78 /* Views */ = {
			isa = PBXGroup;
			children = (
				33242C221EF3F63C00973D78 /* JTCalendarDayView.h */,
				33242C231EF3F63C00973D78 /* JTCalendarDayView.m */,
				33242C241EF3F63C00973D78 /* JTCalendarMenuView.h */,
				33242C251EF3F63C00973D78 /* JTCalendarMenuView.m */,
				33242C261EF3F63C00973D78 /* JTCalendarPageView.h */,
				33242C271EF3F63C00973D78 /* JTCalendarPageView.m */,
				33242C281EF3F63C00973D78 /* JTCalendarWeekDayView.h */,
				33242C291EF3F63C00973D78 /* JTCalendarWeekDayView.m */,
				33242C2A1EF3F63C00973D78 /* JTCalendarWeekView.h */,
				33242C2B1EF3F63C00973D78 /* JTCalendarWeekView.m */,
				33242C2C1EF3F63C00973D78 /* JTHorizontalCalendarView.h */,
				33242C2D1EF3F63C00973D78 /* JTHorizontalCalendarView.m */,
				33242C2E1EF3F63C00973D78 /* JTVerticalCalendarView.h */,
				33242C2F1EF3F63C00973D78 /* JTVerticalCalendarView.m */,
			);
			path = Views;
			sourceTree = "<group>";
		};
		33242C3E1EF4168200973D78 /* Extension */ = {
			isa = PBXGroup;
			children = (
				33242C3F1EF4169900973D78 /* NSDate.swift */,
			);
			name = Extension;
			sourceTree = "<group>";
		};
		33FDDF6E1EF334FE008FBD23 = {
			isa = PBXGroup;
			children = (
				33FDDF791EF334FE008FBD23 /* Thrifty */,
				33FDDF911EF334FE008FBD23 /* ThriftyTests */,
				33FDDF9C1EF334FE008FBD23 /* ThriftyUITests */,
				33FDDF781EF334FE008FBD23 /* Products */,
				0367F5C2D170C77EC305ADA9 /* Pods */,
				27C14EEA165B3467C793CE8B /* Frameworks */,
			);
			sourceTree = "<group>";
		};
		33FDDF781EF334FE008FBD23 /* Products */ = {
			isa = PBXGroup;
			children = (
				33FDDF771EF334FE008FBD23 /* Thrifty.app */,
				33FDDF8E1EF334FE008FBD23 /* ThriftyTests.xctest */,
				33FDDF991EF334FE008FBD23 /* ThriftyUITests.xctest */,
			);
			name = Products;
			sourceTree = "<group>";
		};
		33FDDF791EF334FE008FBD23 /* Thrifty */ = {
			isa = PBXGroup;
			children = (
				33242C3E1EF4168200973D78 /* Extension */,
				33242C0C1EF3F63C00973D78 /* JTCalendar */,
				33FDDFB41EF335F6008FBD23 /* BudgetViewController.swift */,
				33FDDFC31EF335F6008FBD23 /* MainViewController.swift */,
				33FDDFAF1EF335F6008FBD23 /* Main.storyboard */,
				33FDDFB91EF335F6008FBD23 /* ExpenseVC.swift */,
				33242C451EF4290000973D78 /* ExtraIncomeVC.swift */,
				33242BA31EF3D38800973D78 /* HistoryVC.swift */,
				33242C3C1EF4023600973D78 /* HistoryCell.swift */,
				33FDDFB31EF335F6008FBD23 /* AnalysisVC.swift */,
				33FDDFE81EF33626008FBD23 /* Setter VCs */,
				33FDDFE91EF3362F008FBD23 /* Supporting Files */,
				33FDDFEA1EF3363F008FBD23 /* Core Data */,
				33FDDFAB1EF335F5008FBD23 /* Thrifty-Bridging-Header.h */,
			);
			path = Thrifty;
			sourceTree = "<group>";
		};
		33FDDF911EF334FE008FBD23 /* ThriftyTests */ = {
			isa = PBXGroup;
			children = (
				33FDDF921EF334FE008FBD23 /* ThriftyTests.swift */,
				33FDDF941EF334FE008FBD23 /* Info.plist */,
			);
			path = ThriftyTests;
			sourceTree = "<group>";
		};
		33FDDF9C1EF334FE008FBD23 /* ThriftyUITests */ = {
			isa = PBXGroup;
			children = (
				33FDDF9D1EF334FE008FBD23 /* ThriftyUITests.swift */,
				33FDDF9F1EF334FE008FBD23 /* Info.plist */,
			);
			path = ThriftyUITests;
			sourceTree = "<group>";
		};
		33FDDFE81EF33626008FBD23 /* Setter VCs */ = {
			isa = PBXGroup;
			children = (
				33FDDFBA1EF335F6008FBD23 /* FirstTimeSetupViewController.swift */,
				33FDDFC41EF335F6008FBD23 /* SetBBViewController.swift */,
				33FDDFC21EF335F6008FBD23 /* IncomeTableController.swift */,
				33FDDFBF1EF335F6008FBD23 /* IncomeCell.swift */,
				33FDDFB21EF335F6008FBD23 /* AddIncomeViewController.swift */,
				33FDDFB51EF335F6008FBD23 /* ExpenseCell.swift */,
				33FDDFB81EF335F6008FBD23 /* ExpenseTableController.swift */,
				33FDDFB11EF335F6008FBD23 /* AddExpenseViewController.swift */,
				33FDDFC51EF335F6008FBD23 /* SetSavingsViewController.swift */,
			);
			name = "Setter VCs";
			sourceTree = "<group>";
		};
		33FDDFE91EF3362F008FBD23 /* Supporting Files */ = {
			isa = PBXGroup;
			children = (
				33FDDFAD1EF335F6008FBD23 /* LaunchScreen.storyboard */,
				33FDDF841EF334FE008FBD23 /* Assets.xcassets */,
				33FDDF7A1EF334FE008FBD23 /* AppDelegate.swift */,
				33FDDFC61EF335F6008FBD23 /* StartingInfo.swift */,
				33FDDF891EF334FE008FBD23 /* Info.plist */,
			);
			name = "Supporting Files";
			sourceTree = "<group>";
		};
		33FDDFEA1EF3363F008FBD23 /* Core Data */ = {
			isa = PBXGroup;
			children = (
				33FDDFBB1EF335F6008FBD23 /* GoalMO+CoreDataClass.swift */,
				33FDDFBC1EF335F6008FBD23 /* GoalMO+CoreDataProperties.swift */,
				33FDDFCA1EF335F6008FBD23 /* UserMO+CoreDataClass.swift */,
				33FDDFCB1EF335F6008FBD23 /* UserMO+CoreDataProperties.swift */,
				33FDDFB61EF335F6008FBD23 /* ExpenseMO+CoreDataClass.swift */,
				33FDDFB71EF335F6008FBD23 /* ExpenseMO+CoreDataProperties.swift */,
				33FDDFC01EF335F6008FBD23 /* IncomeMO+CoreDataClass.swift */,
				33FDDFC11EF335F6008FBD23 /* IncomeMO+CoreDataProperties.swift */,
				33FDDFEB1EF33737008FBD23 /* Thrifty.xcdatamodeld */,
			);
			name = "Core Data";
			sourceTree = "<group>";
		};
/* End PBXGroup section */

/* Begin PBXNativeTarget section */
		33FDDF761EF334FE008FBD23 /* Thrifty */ = {
			isa = PBXNativeTarget;
			buildConfigurationList = 33FDDFA21EF334FE008FBD23 /* Build configuration list for PBXNativeTarget "Thrifty" */;
			buildPhases = (
				0CF4CEC66091843695E7980C /* [CP] Check Pods Manifest.lock */,
				33FDDF731EF334FE008FBD23 /* Sources */,
				33FDDF741EF334FE008FBD23 /* Frameworks */,
				33FDDF751EF334FE008FBD23 /* Resources */,
				A834E3921ADD578C0CF9E15F /* [CP] Embed Pods Frameworks */,
				A685A634FBDDE406A4305738 /* [CP] Copy Pods Resources */,
			);
			buildRules = (
			);
			dependencies = (
			);
			name = Thrifty;
			productName = Thrifty;
			productReference = 33FDDF771EF334FE008FBD23 /* Thrifty.app */;
			productType = "com.apple.product-type.application";
		};
		33FDDF8D1EF334FE008FBD23 /* ThriftyTests */ = {
			isa = PBXNativeTarget;
			buildConfigurationList = 33FDDFA51EF334FE008FBD23 /* Build configuration list for PBXNativeTarget "ThriftyTests" */;
			buildPhases = (
				4F20120802DA436C6D7FAF0C /* [CP] Check Pods Manifest.lock */,
				33FDDF8A1EF334FE008FBD23 /* Sources */,
				33FDDF8B1EF334FE008FBD23 /* Frameworks */,
				33FDDF8C1EF334FE008FBD23 /* Resources */,
				E11A5B5D2EA50E2E7D9EFCD9 /* [CP] Embed Pods Frameworks */,
				2D64B22358D86E41C2562022 /* [CP] Copy Pods Resources */,
			);
			buildRules = (
			);
			dependencies = (
				33FDDF901EF334FE008FBD23 /* PBXTargetDependency */,
			);
			name = ThriftyTests;
			productName = ThriftyTests;
			productReference = 33FDDF8E1EF334FE008FBD23 /* ThriftyTests.xctest */;
			productType = "com.apple.product-type.bundle.unit-test";
		};
		33FDDF981EF334FE008FBD23 /* ThriftyUITests */ = {
			isa = PBXNativeTarget;
			buildConfigurationList = 33FDDFA81EF334FE008FBD23 /* Build configuration list for PBXNativeTarget "ThriftyUITests" */;
			buildPhases = (
				129B991AEAD38723CA81E4E3 /* [CP] Check Pods Manifest.lock */,
				33FDDF951EF334FE008FBD23 /* Sources */,
				33FDDF961EF334FE008FBD23 /* Frameworks */,
				33FDDF971EF334FE008FBD23 /* Resources */,
				3A01685CF5A53F0809D3BB79 /* [CP] Embed Pods Frameworks */,
				C0FD72E31106EA88C167D58F /* [CP] Copy Pods Resources */,
			);
			buildRules = (
			);
			dependencies = (
				33FDDF9B1EF334FE008FBD23 /* PBXTargetDependency */,
			);
			name = ThriftyUITests;
			productName = ThriftyUITests;
			productReference = 33FDDF991EF334FE008FBD23 /* ThriftyUITests.xctest */;
			productType = "com.apple.product-type.bundle.ui-testing";
		};
/* End PBXNativeTarget section */

/* Begin PBXProject section */
		33FDDF6F1EF334FE008FBD23 /* Project object */ = {
			isa = PBXProject;
			attributes = {
				LastSwiftUpdateCheck = 0830;
				LastUpgradeCheck = 0830;
				ORGANIZATIONNAME = "Lomesh Pansuriya";
				TargetAttributes = {
					33FDDF761EF334FE008FBD23 = {
						CreatedOnToolsVersion = 8.3.2;
						DevelopmentTeam = R2T7M4F5P6;
						LastSwiftMigration = 0830;
						ProvisioningStyle = Automatic;
					};
					33FDDF8D1EF334FE008FBD23 = {
						CreatedOnToolsVersion = 8.3.2;
						ProvisioningStyle = Automatic;
						TestTargetID = 33FDDF761EF334FE008FBD23;
					};
					33FDDF981EF334FE008FBD23 = {
						CreatedOnToolsVersion = 8.3.2;
						ProvisioningStyle = Automatic;
						TestTargetID = 33FDDF761EF334FE008FBD23;
					};
				};
			};
			buildConfigurationList = 33FDDF721EF334FE008FBD23 /* Build configuration list for PBXProject "Thrifty" */;
			compatibilityVersion = "Xcode 3.2";
			developmentRegion = English;
			hasScannedForEncodings = 0;
			knownRegions = (
				en,
				Base,
			);
			mainGroup = 33FDDF6E1EF334FE008FBD23;
			productRefGroup = 33FDDF781EF334FE008FBD23 /* Products */;
			projectDirPath = "";
			projectRoot = "";
			targets = (
				33FDDF761EF334FE008FBD23 /* Thrifty */,
				33FDDF8D1EF334FE008FBD23 /* ThriftyTests */,
				33FDDF981EF334FE008FBD23 /* ThriftyUITests */,
			);
		};
/* End PBXProject section */

/* Begin PBXResourcesBuildPhase section */
		33FDDF751EF334FE008FBD23 /* Resources */ = {
			isa = PBXResourcesBuildPhase;
			buildActionMask = 2147483647;
			files = (
				33FDDFCE1EF335F6008FBD23 /* Main.storyboard in Resources */,
				33FDDFCD1EF335F6008FBD23 /* LaunchScreen.storyboard in Resources */,
				33FDDF851EF334FE008FBD23 /* Assets.xcassets in Resources */,
			);
			runOnlyForDeploymentPostprocessing = 0;
		};
		33FDDF8C1EF334FE008FBD23 /* Resources */ = {
			isa = PBXResourcesBuildPhase;
			buildActionMask = 2147483647;
			files = (
			);
			runOnlyForDeploymentPostprocessing = 0;
		};
		33FDDF971EF334FE008FBD23 /* Resources */ = {
			isa = PBXResourcesBuildPhase;
			buildActionMask = 2147483647;
			files = (
			);
			runOnlyForDeploymentPostprocessing = 0;
		};
/* End PBXResourcesBuildPhase section */

/* Begin PBXShellScriptBuildPhase section */
		0CF4CEC66091843695E7980C /* [CP] Check Pods Manifest.lock */ = {
			isa = PBXShellScriptBuildPhase;
			buildActionMask = 2147483647;
			files = (
			);
			inputPaths = (
			);
			name = "[CP] Check Pods Manifest.lock";
			outputPaths = (
			);
			runOnlyForDeploymentPostprocessing = 0;
			shellPath = /bin/sh;
			shellScript = "diff \"${PODS_ROOT}/../Podfile.lock\" \"${PODS_ROOT}/Manifest.lock\" > /dev/null\nif [ $? != 0 ] ; then\n    # print error to STDERR\n    echo \"error: The sandbox is not in sync with the Podfile.lock. Run 'pod install' or update your CocoaPods installation.\" >&2\n    exit 1\nfi\n";
			showEnvVarsInLog = 0;
		};
		129B991AEAD38723CA81E4E3 /* [CP] Check Pods Manifest.lock */ = {
			isa = PBXShellScriptBuildPhase;
			buildActionMask = 2147483647;
			files = (
			);
			inputPaths = (
			);
			name = "[CP] Check Pods Manifest.lock";
			outputPaths = (
			);
			runOnlyForDeploymentPostprocessing = 0;
			shellPath = /bin/sh;
			shellScript = "diff \"${PODS_ROOT}/../Podfile.lock\" \"${PODS_ROOT}/Manifest.lock\" > /dev/null\nif [ $? != 0 ] ; then\n    # print error to STDERR\n    echo \"error: The sandbox is not in sync with the Podfile.lock. Run 'pod install' or update your CocoaPods installation.\" >&2\n    exit 1\nfi\n";
			showEnvVarsInLog = 0;
		};
		2D64B22358D86E41C2562022 /* [CP] Copy Pods Resources */ = {
			isa = PBXShellScriptBuildPhase;
			buildActionMask = 2147483647;
			files = (
			);
			inputPaths = (
			);
			name = "[CP] Copy Pods Resources";
			outputPaths = (
			);
			runOnlyForDeploymentPostprocessing = 0;
			shellPath = /bin/sh;
			shellScript = "\"${SRCROOT}/Pods/Target Support Files/Pods-ThriftyTests/Pods-ThriftyTests-resources.sh\"\n";
			showEnvVarsInLog = 0;
		};
		3A01685CF5A53F0809D3BB79 /* [CP] Embed Pods Frameworks */ = {
			isa = PBXShellScriptBuildPhase;
			buildActionMask = 2147483647;
			files = (
			);
			inputPaths = (
			);
			name = "[CP] Embed Pods Frameworks";
			outputPaths = (
			);
			runOnlyForDeploymentPostprocessing = 0;
			shellPath = /bin/sh;
			shellScript = "\"${SRCROOT}/Pods/Target Support Files/Pods-ThriftyUITests/Pods-ThriftyUITests-frameworks.sh\"\n";
			showEnvVarsInLog = 0;
		};
		4F20120802DA436C6D7FAF0C /* [CP] Check Pods Manifest.lock */ = {
			isa = PBXShellScriptBuildPhase;
			buildActionMask = 2147483647;
			files = (
			);
			inputPaths = (
			);
			name = "[CP] Check Pods Manifest.lock";
			outputPaths = (
			);
			runOnlyForDeploymentPostprocessing = 0;
			shellPath = /bin/sh;
			shellScript = "diff \"${PODS_ROOT}/../Podfile.lock\" \"${PODS_ROOT}/Manifest.lock\" > /dev/null\nif [ $? != 0 ] ; then\n    # print error to STDERR\n    echo \"error: The sandbox is not in sync with the Podfile.lock. Run 'pod install' or update your CocoaPods installation.\" >&2\n    exit 1\nfi\n";
			showEnvVarsInLog = 0;
		};
		A685A634FBDDE406A4305738 /* [CP] Copy Pods Resources */ = {
			isa = PBXShellScriptBuildPhase;
			buildActionMask = 2147483647;
			files = (
			);
			inputPaths = (
			);
			name = "[CP] Copy Pods Resources";
			outputPaths = (
			);
			runOnlyForDeploymentPostprocessing = 0;
			shellPath = /bin/sh;
			shellScript = "\"${SRCROOT}/Pods/Target Support Files/Pods-Thrifty/Pods-Thrifty-resources.sh\"\n";
			showEnvVarsInLog = 0;
		};
		A834E3921ADD578C0CF9E15F /* [CP] Embed Pods Frameworks */ = {
			isa = PBXShellScriptBuildPhase;
			buildActionMask = 2147483647;
			files = (
			);
			inputPaths = (
			);
			name = "[CP] Embed Pods Frameworks";
			outputPaths = (
			);
			runOnlyForDeploymentPostprocessing = 0;
			shellPath = /bin/sh;
			shellScript = "\"${SRCROOT}/Pods/Target Support Files/Pods-Thrifty/Pods-Thrifty-frameworks.sh\"\n";
			showEnvVarsInLog = 0;
		};
		C0FD72E31106EA88C167D58F /* [CP] Copy Pods Resources */ = {
			isa = PBXShellScriptBuildPhase;
			buildActionMask = 2147483647;
			files = (
			);
			inputPaths = (
			);
			name = "[CP] Copy Pods Resources";
			outputPaths = (
			);
			runOnlyForDeploymentPostprocessing = 0;
			shellPath = /bin/sh;
			shellScript = "\"${SRCROOT}/Pods/Target Support Files/Pods-ThriftyUITests/Pods-ThriftyUITests-resources.sh\"\n";
			showEnvVarsInLog = 0;
		};
		E11A5B5D2EA50E2E7D9EFCD9 /* [CP] Embed Pods Frameworks */ = {
			isa = PBXShellScriptBuildPhase;
			buildActionMask = 2147483647;
			files = (
			);
			inputPaths = (
			);
			name = "[CP] Embed Pods Frameworks";
			outputPaths = (
			);
			runOnlyForDeploymentPostprocessing = 0;
			shellPath = /bin/sh;
			shellScript = "\"${SRCROOT}/Pods/Target Support Files/Pods-ThriftyTests/Pods-ThriftyTests-frameworks.sh\"\n";
			showEnvVarsInLog = 0;
		};
/* End PBXShellScriptBuildPhase section */

/* Begin PBXSourcesBuildPhase section */
		33FDDF731EF334FE008FBD23 /* Sources */ = {
			isa = PBXSourcesBuildPhase;
			buildActionMask = 2147483647;
			files = (
				33242C3A1EF3F63C00973D78 /* JTHorizontalCalendarView.m in Sources */,
				33FDDFD41EF335F6008FBD23 /* ExpenseMO+CoreDataClass.swift in Sources */,
				33FDDF7B1EF334FE008FBD23 /* AppDelegate.swift in Sources */,
				33242C3D1EF4023600973D78 /* HistoryCell.swift in Sources */,
				33FDDFE11EF335F6008FBD23 /* SetBBViewController.swift in Sources */,
				33FDDFDD1EF335F6008FBD23 /* IncomeMO+CoreDataClass.swift in Sources */,
				33FDDFD51EF335F6008FBD23 /* ExpenseMO+CoreDataProperties.swift in Sources */,
				33FDDFD21EF335F6008FBD23 /* BudgetViewController.swift in Sources */,
				33FDDFD81EF335F6008FBD23 /* FirstTimeSetupViewController.swift in Sources */,
				33FDDFDF1EF335F6008FBD23 /* IncomeTableController.swift in Sources */,
				33242C311EF3F63C00973D78 /* JTCalendarSettings.m in Sources */,
				33FDDFE61EF335F6008FBD23 /* UserMO+CoreDataProperties.swift in Sources */,
				33242C391EF3F63C00973D78 /* JTCalendarWeekView.m in Sources */,
				33242C361EF3F63C00973D78 /* JTCalendarMenuView.m in Sources */,
				33242C401EF4169900973D78 /* NSDate.swift in Sources */,
				33FDDFCF1EF335F6008FBD23 /* AddExpenseViewController.swift in Sources */,
				33FDDFE21EF335F6008FBD23 /* SetSavingsViewController.swift in Sources */,
				33242C331EF3F63C00973D78 /* JTCalendarDelegateManager.m in Sources */,
				33242BA41EF3D38800973D78 /* HistoryVC.swift in Sources */,
				33FDDFED1EF33737008FBD23 /* Thrifty.xcdatamodeld in Sources */,
				33242C341EF3F63C00973D78 /* JTCalendarScrollManager.m in Sources */,
				33FDDFDC1EF335F6008FBD23 /* IncomeCell.swift in Sources */,
				33FDDFD61EF335F6008FBD23 /* ExpenseTableController.swift in Sources */,
				33FDDFDA1EF335F6008FBD23 /* GoalMO+CoreDataProperties.swift in Sources */,
				33242C461EF4290000973D78 /* ExtraIncomeVC.swift in Sources */,
				33FDDFD91EF335F6008FBD23 /* GoalMO+CoreDataClass.swift in Sources */,
				33242C381EF3F63C00973D78 /* JTCalendarWeekDayView.m in Sources */,
				33FDDFD31EF335F6008FBD23 /* ExpenseCell.swift in Sources */,
				33242C301EF3F63C00973D78 /* JTCalendarManager.m in Sources */,
				33FDDFD11EF335F6008FBD23 /* AnalysisVC.swift in Sources */,
				33FDDFE51EF335F6008FBD23 /* UserMO+CoreDataClass.swift in Sources */,
				33FDDFD71EF335F6008FBD23 /* ExpenseVC.swift in Sources */,
				33242C3B1EF3F63C00973D78 /* JTVerticalCalendarView.m in Sources */,
				33FDDFDE1EF335F6008FBD23 /* IncomeMO+CoreDataProperties.swift in Sources */,
				33242C321EF3F63C00973D78 /* JTDateHelper.m in Sources */,
				33FDDFD01EF335F6008FBD23 /* AddIncomeViewController.swift in Sources */,
				33FDDFE01EF335F6008FBD23 /* MainViewController.swift in Sources */,
				33FDDFE31EF335F6008FBD23 /* StartingInfo.swift in Sources */,
				33242C351EF3F63C00973D78 /* JTCalendarDayView.m in Sources */,
				33242C371EF3F63C00973D78 /* JTCalendarPageView.m in Sources */,
			);
			runOnlyForDeploymentPostprocessing = 0;
		};
		33FDDF8A1EF334FE008FBD23 /* Sources */ = {
			isa = PBXSourcesBuildPhase;
			buildActionMask = 2147483647;
			files = (
				33FDDF931EF334FE008FBD23 /* ThriftyTests.swift in Sources */,
			);
			runOnlyForDeploymentPostprocessing = 0;
		};
		33FDDF951EF334FE008FBD23 /* Sources */ = {
			isa = PBXSourcesBuildPhase;
			buildActionMask = 2147483647;
			files = (
				33FDDF9E1EF334FE008FBD23 /* ThriftyUITests.swift in Sources */,
			);
			runOnlyForDeploymentPostprocessing = 0;
		};
/* End PBXSourcesBuildPhase section */

/* Begin PBXTargetDependency section */
		33FDDF901EF334FE008FBD23 /* PBXTargetDependency */ = {
			isa = PBXTargetDependency;
			target = 33FDDF761EF334FE008FBD23 /* Thrifty */;
			targetProxy = 33FDDF8F1EF334FE008FBD23 /* PBXContainerItemProxy */;
		};
		33FDDF9B1EF334FE008FBD23 /* PBXTargetDependency */ = {
			isa = PBXTargetDependency;
			target = 33FDDF761EF334FE008FBD23 /* Thrifty */;
			targetProxy = 33FDDF9A1EF334FE008FBD23 /* PBXContainerItemProxy */;
		};
/* End PBXTargetDependency section */

/* Begin PBXVariantGroup section */
		33FDDFAD1EF335F6008FBD23 /* LaunchScreen.storyboard */ = {
			isa = PBXVariantGroup;
			children = (
				33FDDFAE1EF335F6008FBD23 /* Base */,
			);
			name = LaunchScreen.storyboard;
			path = Base.lproj;
			sourceTree = "<group>";
		};
		33FDDFAF1EF335F6008FBD23 /* Main.storyboard */ = {
			isa = PBXVariantGroup;
			children = (
				33FDDFB01EF335F6008FBD23 /* Base */,
			);
			name = Main.storyboard;
			path = Base.lproj;
			sourceTree = "<group>";
		};
/* End PBXVariantGroup section */

/* Begin XCBuildConfiguration section */
		33FDDFA01EF334FE008FBD23 /* Debug */ = {
			isa = XCBuildConfiguration;
			buildSettings = {
				ALWAYS_SEARCH_USER_PATHS = NO;
				CLANG_ANALYZER_NONNULL = YES;
				CLANG_ANALYZER_NUMBER_OBJECT_CONVERSION = YES_AGGRESSIVE;
				CLANG_CXX_LANGUAGE_STANDARD = "gnu++0x";
				CLANG_CXX_LIBRARY = "libc++";
				CLANG_ENABLE_MODULES = YES;
				CLANG_ENABLE_OBJC_ARC = YES;
				CLANG_WARN_BOOL_CONVERSION = YES;
				CLANG_WARN_CONSTANT_CONVERSION = YES;
				CLANG_WARN_DIRECT_OBJC_ISA_USAGE = YES_ERROR;
				CLANG_WARN_DOCUMENTATION_COMMENTS = YES;
				CLANG_WARN_EMPTY_BODY = YES;
				CLANG_WARN_ENUM_CONVERSION = YES;
				CLANG_WARN_INFINITE_RECURSION = YES;
				CLANG_WARN_INT_CONVERSION = YES;
				CLANG_WARN_OBJC_ROOT_CLASS = YES_ERROR;
				CLANG_WARN_SUSPICIOUS_MOVE = YES;
				CLANG_WARN_UNREACHABLE_CODE = YES;
				CLANG_WARN__DUPLICATE_METHOD_MATCH = YES;
				"CODE_SIGN_IDENTITY[sdk=iphoneos*]" = "iPhone Developer";
				COPY_PHASE_STRIP = NO;
				DEBUG_INFORMATION_FORMAT = dwarf;
				ENABLE_STRICT_OBJC_MSGSEND = YES;
				ENABLE_TESTABILITY = YES;
				GCC_C_LANGUAGE_STANDARD = gnu99;
				GCC_DYNAMIC_NO_PIC = NO;
				GCC_NO_COMMON_BLOCKS = YES;
				GCC_OPTIMIZATION_LEVEL = 0;
				GCC_PREPROCESSOR_DEFINITIONS = (
					"DEBUG=1",
					"$(inherited)",
				);
				GCC_WARN_64_TO_32_BIT_CONVERSION = YES;
				GCC_WARN_ABOUT_RETURN_TYPE = YES_ERROR;
				GCC_WARN_UNDECLARED_SELECTOR = YES;
				GCC_WARN_UNINITIALIZED_AUTOS = YES_AGGRESSIVE;
				GCC_WARN_UNUSED_FUNCTION = YES;
				GCC_WARN_UNUSED_VARIABLE = YES;
				IPHONEOS_DEPLOYMENT_TARGET = 10.3;
				MTL_ENABLE_DEBUG_INFO = YES;
				ONLY_ACTIVE_ARCH = YES;
				SDKROOT = iphoneos;
				SWIFT_ACTIVE_COMPILATION_CONDITIONS = DEBUG;
				SWIFT_OPTIMIZATION_LEVEL = "-Onone";
				TARGETED_DEVICE_FAMILY = "1,2";
			};
			name = Debug;
		};
		33FDDFA11EF334FE008FBD23 /* Release */ = {
			isa = XCBuildConfiguration;
			buildSettings = {
				ALWAYS_SEARCH_USER_PATHS = NO;
				CLANG_ANALYZER_NONNULL = YES;
				CLANG_ANALYZER_NUMBER_OBJECT_CONVERSION = YES_AGGRESSIVE;
				CLANG_CXX_LANGUAGE_STANDARD = "gnu++0x";
				CLANG_CXX_LIBRARY = "libc++";
				CLANG_ENABLE_MODULES = YES;
				CLANG_ENABLE_OBJC_ARC = YES;
				CLANG_WARN_BOOL_CONVERSION = YES;
				CLANG_WARN_CONSTANT_CONVERSION = YES;
				CLANG_WARN_DIRECT_OBJC_ISA_USAGE = YES_ERROR;
				CLANG_WARN_DOCUMENTATION_COMMENTS = YES;
				CLANG_WARN_EMPTY_BODY = YES;
				CLANG_WARN_ENUM_CONVERSION = YES;
				CLANG_WARN_INFINITE_RECURSION = YES;
				CLANG_WARN_INT_CONVERSION = YES;
				CLANG_WARN_OBJC_ROOT_CLASS = YES_ERROR;
				CLANG_WARN_SUSPICIOUS_MOVE = YES;
				CLANG_WARN_UNREACHABLE_CODE = YES;
				CLANG_WARN__DUPLICATE_METHOD_MATCH = YES;
				"CODE_SIGN_IDENTITY[sdk=iphoneos*]" = "iPhone Developer";
				COPY_PHASE_STRIP = NO;
				DEBUG_INFORMATION_FORMAT = "dwarf-with-dsym";
				ENABLE_NS_ASSERTIONS = NO;
				ENABLE_STRICT_OBJC_MSGSEND = YES;
				GCC_C_LANGUAGE_STANDARD = gnu99;
				GCC_NO_COMMON_BLOCKS = YES;
				GCC_WARN_64_TO_32_BIT_CONVERSION = YES;
				GCC_WARN_ABOUT_RETURN_TYPE = YES_ERROR;
				GCC_WARN_UNDECLARED_SELECTOR = YES;
				GCC_WARN_UNINITIALIZED_AUTOS = YES_AGGRESSIVE;
				GCC_WARN_UNUSED_FUNCTION = YES;
				GCC_WARN_UNUSED_VARIABLE = YES;
				IPHONEOS_DEPLOYMENT_TARGET = 10.3;
				MTL_ENABLE_DEBUG_INFO = NO;
				SDKROOT = iphoneos;
				SWIFT_OPTIMIZATION_LEVEL = "-Owholemodule";
				TARGETED_DEVICE_FAMILY = "1,2";
				VALIDATE_PRODUCT = YES;
			};
			name = Release;
		};
		33FDDFA31EF334FE008FBD23 /* Debug */ = {
			isa = XCBuildConfiguration;
			baseConfigurationReference = 8E0ED9C5A033CF5F2BA4AD90 /* Pods-Thrifty.debug.xcconfig */;
			buildSettings = {
				ASSETCATALOG_COMPILER_APPICON_NAME = AppIcon;
				CLANG_ENABLE_MODULES = YES;
				DEVELOPMENT_TEAM = R2T7M4F5P6;
				INFOPLIST_FILE = Thrifty/Info.plist;
				LD_RUNPATH_SEARCH_PATHS = "$(inherited) @executable_path/Frameworks";
				PRODUCT_BUNDLE_IDENTIFIER = LPTech.Thrifty;
				PRODUCT_NAME = "$(TARGET_NAME)";
				SWIFT_OBJC_BRIDGING_HEADER = "/Users/homeworkaccount/Documents/Thrifty?/Thrifty/Thrifty-Bridging-Header.h";
				SWIFT_OPTIMIZATION_LEVEL = "-Onone";
				SWIFT_VERSION = 3.0;
			};
			name = Debug;
		};
		33FDDFA41EF334FE008FBD23 /* Release */ = {
			isa = XCBuildConfiguration;
			baseConfigurationReference = 5AF1C657EE7976037D21114C /* Pods-Thrifty.release.xcconfig */;
			buildSettings = {
				ASSETCATALOG_COMPILER_APPICON_NAME = AppIcon;
				CLANG_ENABLE_MODULES = YES;
				DEVELOPMENT_TEAM = R2T7M4F5P6;
				INFOPLIST_FILE = Thrifty/Info.plist;
				LD_RUNPATH_SEARCH_PATHS = "$(inherited) @executable_path/Frameworks";
				PRODUCT_BUNDLE_IDENTIFIER = LPTech.Thrifty;
				PRODUCT_NAME = "$(TARGET_NAME)";
				SWIFT_OBJC_BRIDGING_HEADER = "/Users/homeworkaccount/Documents/Thrifty?/Thrifty/Thrifty-Bridging-Header.h";
				SWIFT_VERSION = 3.0;
			};
			name = Release;
		};
		33FDDFA61EF334FE008FBD23 /* Debug */ = {
			isa = XCBuildConfiguration;
			baseConfigurationReference = 6D9A85EA5B824DF434005660 /* Pods-ThriftyTests.debug.xcconfig */;
			buildSettings = {
				ALWAYS_EMBED_SWIFT_STANDARD_LIBRARIES = YES;
				BUNDLE_LOADER = "$(TEST_HOST)";
				INFOPLIST_FILE = ThriftyTests/Info.plist;
				LD_RUNPATH_SEARCH_PATHS = "$(inherited) @executable_path/Frameworks @loader_path/Frameworks";
				PRODUCT_BUNDLE_IDENTIFIER = LPTech.ThriftyTests;
				PRODUCT_NAME = "$(TARGET_NAME)";
				SWIFT_VERSION = 3.0;
				TEST_HOST = "$(BUILT_PRODUCTS_DIR)/Thrifty.app/Thrifty";
			};
			name = Debug;
		};
		33FDDFA71EF334FE008FBD23 /* Release */ = {
			isa = XCBuildConfiguration;
			baseConfigurationReference = B8603FB3A946B94A582A22D6 /* Pods-ThriftyTests.release.xcconfig */;
			buildSettings = {
				ALWAYS_EMBED_SWIFT_STANDARD_LIBRARIES = YES;
				BUNDLE_LOADER = "$(TEST_HOST)";
				INFOPLIST_FILE = ThriftyTests/Info.plist;
				LD_RUNPATH_SEARCH_PATHS = "$(inherited) @executable_path/Frameworks @loader_path/Frameworks";
				PRODUCT_BUNDLE_IDENTIFIER = LPTech.ThriftyTests;
				PRODUCT_NAME = "$(TARGET_NAME)";
				SWIFT_VERSION = 3.0;
				TEST_HOST = "$(BUILT_PRODUCTS_DIR)/Thrifty.app/Thrifty";
			};
			name = Release;
		};
		33FDDFA91EF334FE008FBD23 /* Debug */ = {
			isa = XCBuildConfiguration;
			baseConfigurationReference = 5F084DC0DF5F373D5D53B6B0 /* Pods-ThriftyUITests.debug.xcconfig */;
			buildSettings = {
				ALWAYS_EMBED_SWIFT_STANDARD_LIBRARIES = YES;
				INFOPLIST_FILE = ThriftyUITests/Info.plist;
				LD_RUNPATH_SEARCH_PATHS = "$(inherited) @executable_path/Frameworks @loader_path/Frameworks";
				PRODUCT_BUNDLE_IDENTIFIER = LPTech.ThriftyUITests;
				PRODUCT_NAME = "$(TARGET_NAME)";
				SWIFT_VERSION = 3.0;
				TEST_TARGET_NAME = Thrifty;
			};
			name = Debug;
		};
		33FDDFAA1EF334FE008FBD23 /* Release */ = {
			isa = XCBuildConfiguration;
			baseConfigurationReference = 3041AD0ACD372E9EB6372270 /* Pods-ThriftyUITests.release.xcconfig */;
			buildSettings = {
				ALWAYS_EMBED_SWIFT_STANDARD_LIBRARIES = YES;
				INFOPLIST_FILE = ThriftyUITests/Info.plist;
				LD_RUNPATH_SEARCH_PATHS = "$(inherited) @executable_path/Frameworks @loader_path/Frameworks";
				PRODUCT_BUNDLE_IDENTIFIER = LPTech.ThriftyUITests;
				PRODUCT_NAME = "$(TARGET_NAME)";
				SWIFT_VERSION = 3.0;
				TEST_TARGET_NAME = Thrifty;
			};
			name = Release;
		};
/* End XCBuildConfiguration section */

/* Begin XCConfigurationList section */
		33FDDF721EF334FE008FBD23 /* Build configuration list for PBXProject "Thrifty" */ = {
			isa = XCConfigurationList;
			buildConfigurations = (
				33FDDFA01EF334FE008FBD23 /* Debug */,
				33FDDFA11EF334FE008FBD23 /* Release */,
			);
			defaultConfigurationIsVisible = 0;
			defaultConfigurationName = Release;
		};
		33FDDFA21EF334FE008FBD23 /* Build configuration list for PBXNativeTarget "Thrifty" */ = {
			isa = XCConfigurationList;
			buildConfigurations = (
				33FDDFA31EF334FE008FBD23 /* Debug */,
				33FDDFA41EF334FE008FBD23 /* Release */,
			);
			defaultConfigurationIsVisible = 0;
			defaultConfigurationName = Release;
		};
		33FDDFA51EF334FE008FBD23 /* Build configuration list for PBXNativeTarget "ThriftyTests" */ = {
			isa = XCConfigurationList;
			buildConfigurations = (
				33FDDFA61EF334FE008FBD23 /* Debug */,
				33FDDFA71EF334FE008FBD23 /* Release */,
			);
			defaultConfigurationIsVisible = 0;
			defaultConfigurationName = Release;
		};
		33FDDFA81EF334FE008FBD23 /* Build configuration list for PBXNativeTarget "ThriftyUITests" */ = {
			isa = XCConfigurationList;
			buildConfigurations = (
				33FDDFA91EF334FE008FBD23 /* Debug */,
				33FDDFAA1EF334FE008FBD23 /* Release */,
			);
			defaultConfigurationIsVisible = 0;
			defaultConfigurationName = Release;
		};
/* End XCConfigurationList section */

/* Begin XCVersionGroup section */
		33FDDFEB1EF33737008FBD23 /* Thrifty.xcdatamodeld */ = {
			isa = XCVersionGroup;
			children = (
				33FDDFEC1EF33737008FBD23 /* Thrifty.xcdatamodel */,
			);
			currentVersion = 33FDDFEC1EF33737008FBD23 /* Thrifty.xcdatamodel */;
			path = Thrifty.xcdatamodeld;
			sourceTree = "<group>";
			versionGroupType = wrapper.xcdatamodel;
		};
/* End XCVersionGroup section */
	};
	rootObject = 33FDDF6F1EF334FE008FBD23 /* Project object */;
}
